// !$*UTF8*$!
{
	archiveVersion = 1;
	classes = {
	};
	objectVersion = 56;
	objects = {

/* Begin PBXBuildFile section */
		1312BEC3293F86CF00807E52 /* canvasView.swift in Sources */ = {isa = PBXBuildFile; fileRef = 1312BEC2293F86CF00807E52 /* canvasView.swift */; };
		13513C8D293E7C5500C8177D /* SelectVehiculeViewController.swift in Sources */ = {isa = PBXBuildFile; fileRef = 13513C8C293E7C5500C8177D /* SelectVehiculeViewController.swift */; };
		13513C8F293E832800C8177D /* SelectedTypeViewController.swift in Sources */ = {isa = PBXBuildFile; fileRef = 13513C8E293E832800C8177D /* SelectedTypeViewController.swift */; };
		1357711F293240FA00EEBFC9 /* SketchViewController.swift in Sources */ = {isa = PBXBuildFile; fileRef = 1357711E293240FA00EEBFC9 /* SketchViewController.swift */; };
		135A021B2946340C00B64C5E /* SelectTypeBViewController.swift in Sources */ = {isa = PBXBuildFile; fileRef = 135A021A2946340C00B64C5E /* SelectTypeBViewController.swift */; };
		135A021D2946341A00B64C5E /* SelecVehicleBViewController.swift in Sources */ = {isa = PBXBuildFile; fileRef = 135A021C2946341A00B64C5E /* SelecVehicleBViewController.swift */; };
		135A0220294642CC00B64C5E /* ChooseCarViewController.swift in Sources */ = {isa = PBXBuildFile; fileRef = 135A021F294642CC00B64C5E /* ChooseCarViewController.swift */; };
		135A0222294652C100B64C5E /* Constat.swift in Sources */ = {isa = PBXBuildFile; fileRef = 135A0221294652C100B64C5E /* Constat.swift */; };
		135A02242946530100B64C5E /* carDamage.swift in Sources */ = {isa = PBXBuildFile; fileRef = 135A02232946530100B64C5E /* carDamage.swift */; };
		135A02262946546300B64C5E /* carDamageViewModel.swift in Sources */ = {isa = PBXBuildFile; fileRef = 135A02252946546300B64C5E /* carDamageViewModel.swift */; };
		135E826E2930EC7C00AADA26 /* Car.swift in Sources */ = {isa = PBXBuildFile; fileRef = 135E826D2930EC7C00AADA26 /* Car.swift */; };
		135E82702930EDCB00AADA26 /* CarViewModel.swift in Sources */ = {isa = PBXBuildFile; fileRef = 135E826F2930EDCB00AADA26 /* CarViewModel.swift */; };
		135E82722930F70D00AADA26 /* NewCarViewController.swift in Sources */ = {isa = PBXBuildFile; fileRef = 135E82712930F70D00AADA26 /* NewCarViewController.swift */; };
		135E82782930F9C700AADA26 /* FormCarViewController.swift in Sources */ = {isa = PBXBuildFile; fileRef = 135E82772930F9C700AADA26 /* FormCarViewController.swift */; };
		135F10F4291E9D3900FA1108 /* AppDelegate.swift in Sources */ = {isa = PBXBuildFile; fileRef = 135F10F3291E9D3900FA1108 /* AppDelegate.swift */; };
		135F10F6291E9D3900FA1108 /* SceneDelegate.swift in Sources */ = {isa = PBXBuildFile; fileRef = 135F10F5291E9D3900FA1108 /* SceneDelegate.swift */; };
		135F10F8291E9D3900FA1108 /* ViewController.swift in Sources */ = {isa = PBXBuildFile; fileRef = 135F10F7291E9D3900FA1108 /* ViewController.swift */; };
		135F10FB291E9D3900FA1108 /* Main.storyboard in Resources */ = {isa = PBXBuildFile; fileRef = 135F10F9291E9D3900FA1108 /* Main.storyboard */; };
		135F10FE291E9D3900FA1108 /* e_Constat.xcdatamodeld in Sources */ = {isa = PBXBuildFile; fileRef = 135F10FC291E9D3900FA1108 /* e_Constat.xcdatamodeld */; };
		135F1100291E9D3A00FA1108 /* Assets.xcassets in Resources */ = {isa = PBXBuildFile; fileRef = 135F10FF291E9D3A00FA1108 /* Assets.xcassets */; };
		135F1103291E9D3A00FA1108 /* LaunchScreen.storyboard in Resources */ = {isa = PBXBuildFile; fileRef = 135F1101291E9D3A00FA1108 /* LaunchScreen.storyboard */; };
		135F110C291E9EF200FA1108 /* Alamofire in Frameworks */ = {isa = PBXBuildFile; productRef = 135F110B291E9EF200FA1108 /* Alamofire */; };
		135F1111291E9FED00FA1108 /* User.swift in Sources */ = {isa = PBXBuildFile; fileRef = 135F1110291E9FED00FA1108 /* User.swift */; };
		135F1113291EA06D00FA1108 /* UserViewModel.swift in Sources */ = {isa = PBXBuildFile; fileRef = 135F1112291EA06D00FA1108 /* UserViewModel.swift */; };
		138B85572923D9A300E4C3C7 /* SwiftyJSON in Frameworks */ = {isa = PBXBuildFile; productRef = 138B85562923D9A300E4C3C7 /* SwiftyJSON */; };
		13A3E5BB293E5A7000600EDE /* NewInsurnaceViewController.swift in Sources */ = {isa = PBXBuildFile; fileRef = 13A3E5BA293E5A7000600EDE /* NewInsurnaceViewController.swift */; };
		13AB337229461D8C00AAC96F /* ConstatViewModel.swift in Sources */ = {isa = PBXBuildFile; fileRef = 13AB337129461D8C00AAC96F /* ConstatViewModel.swift */; };
		13AB337529461DF200AAC96F /* QrCodeScannerViewController.swift in Sources */ = {isa = PBXBuildFile; fileRef = 13AB337429461DF200AAC96F /* QrCodeScannerViewController.swift */; };
		13B223472923C4D900258B2E /* Utilities.swift in Sources */ = {isa = PBXBuildFile; fileRef = 13B223462923C4D900258B2E /* Utilities.swift */; };
		13B223492923CF7000258B2E /* LoadingScreen.swift in Sources */ = {isa = PBXBuildFile; fileRef = 13B223482923CF7000258B2E /* LoadingScreen.swift */; };
		13B2234B2923D17C00258B2E /* Alert.swift in Sources */ = {isa = PBXBuildFile; fileRef = 13B2234A2923D17C00258B2E /* Alert.swift */; };
		13BD16F6293A2CF000B9EA5F /* CarDetailsViewController.swift in Sources */ = {isa = PBXBuildFile; fileRef = 13BD16F5293A2CF000B9EA5F /* CarDetailsViewController.swift */; };
		13BD16F8293A3E2800B9EA5F /* Insurance.swift in Sources */ = {isa = PBXBuildFile; fileRef = 13BD16F7293A3E2800B9EA5F /* Insurance.swift */; };
		13BD16FA293A3F7600B9EA5F /* InsuranceViewModel.swift in Sources */ = {isa = PBXBuildFile; fileRef = 13BD16F9293A3F7600B9EA5F /* InsuranceViewModel.swift */; };
		13C330D029293A0300D3DC6B /* CarViewController.swift in Sources */ = {isa = PBXBuildFile; fileRef = 13C330CF29293A0300D3DC6B /* CarViewController.swift */; };
		13C330D229293E7500D3DC6B /* HistoryViewController.swift in Sources */ = {isa = PBXBuildFile; fileRef = 13C330D129293E7500D3DC6B /* HistoryViewController.swift */; };
		13C330D429293E9000D3DC6B /* HomeViewController.swift in Sources */ = {isa = PBXBuildFile; fileRef = 13C330D329293E9000D3DC6B /* HomeViewController.swift */; };
		13CB408A2927BD66006B5665 /* loginViewController.swift in Sources */ = {isa = PBXBuildFile; fileRef = 13CB40892927BD66006B5665 /* loginViewController.swift */; };
		13CB408C2927BEB2006B5665 /* SignUpViewController.swift in Sources */ = {isa = PBXBuildFile; fileRef = 13CB408B2927BEB2006B5665 /* SignUpViewController.swift */; };
		13CB408E2927BFEC006B5665 /* ForgetPassViewController.swift in Sources */ = {isa = PBXBuildFile; fileRef = 13CB408D2927BFEC006B5665 /* ForgetPassViewController.swift */; };
		13CB40902927C065006B5665 /* OTPViewController.swift in Sources */ = {isa = PBXBuildFile; fileRef = 13CB408F2927C065006B5665 /* OTPViewController.swift */; };
		13CB40922927C0A4006B5665 /* ChangePassViewController.swift in Sources */ = {isa = PBXBuildFile; fileRef = 13CB40912927C0A4006B5665 /* ChangePassViewController.swift */; };
		13CB40942927CC1E006B5665 /* ProfileViewController.swift in Sources */ = {isa = PBXBuildFile; fileRef = 13CB40932927CC1E006B5665 /* ProfileViewController.swift */; };
/* End PBXBuildFile section */

/* Begin PBXFileReference section */
		1312BEC2293F86CF00807E52 /* canvasView.swift */ = {isa = PBXFileReference; lastKnownFileType = sourcecode.swift; path = canvasView.swift; sourceTree = "<group>"; };
		13513C8C293E7C5500C8177D /* SelectVehiculeViewController.swift */ = {isa = PBXFileReference; lastKnownFileType = sourcecode.swift; path = SelectVehiculeViewController.swift; sourceTree = "<group>"; };
		13513C8E293E832800C8177D /* SelectedTypeViewController.swift */ = {isa = PBXFileReference; lastKnownFileType = sourcecode.swift; path = SelectedTypeViewController.swift; sourceTree = "<group>"; };
		1357711E293240FA00EEBFC9 /* SketchViewController.swift */ = {isa = PBXFileReference; lastKnownFileType = sourcecode.swift; path = SketchViewController.swift; sourceTree = "<group>"; };
		135A021A2946340C00B64C5E /* SelectTypeBViewController.swift */ = {isa = PBXFileReference; lastKnownFileType = sourcecode.swift; path = SelectTypeBViewController.swift; sourceTree = "<group>"; };
		135A021C2946341A00B64C5E /* SelecVehicleBViewController.swift */ = {isa = PBXFileReference; lastKnownFileType = sourcecode.swift; path = SelecVehicleBViewController.swift; sourceTree = "<group>"; };
		135A021F294642CC00B64C5E /* ChooseCarViewController.swift */ = {isa = PBXFileReference; lastKnownFileType = sourcecode.swift; path = ChooseCarViewController.swift; sourceTree = "<group>"; };
		135A0221294652C100B64C5E /* Constat.swift */ = {isa = PBXFileReference; lastKnownFileType = sourcecode.swift; path = Constat.swift; sourceTree = "<group>"; };
		135A02232946530100B64C5E /* carDamage.swift */ = {isa = PBXFileReference; lastKnownFileType = sourcecode.swift; path = carDamage.swift; sourceTree = "<group>"; };
		135A02252946546300B64C5E /* carDamageViewModel.swift */ = {isa = PBXFileReference; lastKnownFileType = sourcecode.swift; path = carDamageViewModel.swift; sourceTree = "<group>"; };
		135E826D2930EC7C00AADA26 /* Car.swift */ = {isa = PBXFileReference; lastKnownFileType = sourcecode.swift; path = Car.swift; sourceTree = "<group>"; };
		135E826F2930EDCB00AADA26 /* CarViewModel.swift */ = {isa = PBXFileReference; lastKnownFileType = sourcecode.swift; path = CarViewModel.swift; sourceTree = "<group>"; };
		135E82712930F70D00AADA26 /* NewCarViewController.swift */ = {isa = PBXFileReference; lastKnownFileType = sourcecode.swift; path = NewCarViewController.swift; sourceTree = "<group>"; };
		135E82772930F9C700AADA26 /* FormCarViewController.swift */ = {isa = PBXFileReference; lastKnownFileType = sourcecode.swift; path = FormCarViewController.swift; sourceTree = "<group>"; };
		135F10F0291E9D3900FA1108 /* e-Constat.app */ = {isa = PBXFileReference; explicitFileType = wrapper.application; includeInIndex = 0; path = "e-Constat.app"; sourceTree = BUILT_PRODUCTS_DIR; };
		135F10F3291E9D3900FA1108 /* AppDelegate.swift */ = {isa = PBXFileReference; lastKnownFileType = sourcecode.swift; path = AppDelegate.swift; sourceTree = "<group>"; };
		135F10F5291E9D3900FA1108 /* SceneDelegate.swift */ = {isa = PBXFileReference; lastKnownFileType = sourcecode.swift; path = SceneDelegate.swift; sourceTree = "<group>"; };
		135F10F7291E9D3900FA1108 /* ViewController.swift */ = {isa = PBXFileReference; lastKnownFileType = sourcecode.swift; path = ViewController.swift; sourceTree = "<group>"; };
		135F10FA291E9D3900FA1108 /* Base */ = {isa = PBXFileReference; lastKnownFileType = file.storyboard; name = Base; path = Base.lproj/Main.storyboard; sourceTree = "<group>"; };
		135F10FD291E9D3900FA1108 /* e_Constat.xcdatamodel */ = {isa = PBXFileReference; lastKnownFileType = wrapper.xcdatamodel; path = e_Constat.xcdatamodel; sourceTree = "<group>"; };
		135F10FF291E9D3A00FA1108 /* Assets.xcassets */ = {isa = PBXFileReference; lastKnownFileType = folder.assetcatalog; path = Assets.xcassets; sourceTree = "<group>"; };
		135F1102291E9D3A00FA1108 /* Base */ = {isa = PBXFileReference; lastKnownFileType = file.storyboard; name = Base; path = Base.lproj/LaunchScreen.storyboard; sourceTree = "<group>"; };
		135F1104291E9D3A00FA1108 /* Info.plist */ = {isa = PBXFileReference; lastKnownFileType = text.plist.xml; path = Info.plist; sourceTree = "<group>"; };
		135F1110291E9FED00FA1108 /* User.swift */ = {isa = PBXFileReference; lastKnownFileType = sourcecode.swift; path = User.swift; sourceTree = "<group>"; };
		135F1112291EA06D00FA1108 /* UserViewModel.swift */ = {isa = PBXFileReference; lastKnownFileType = sourcecode.swift; path = UserViewModel.swift; sourceTree = "<group>"; };
		13A3E5BA293E5A7000600EDE /* NewInsurnaceViewController.swift */ = {isa = PBXFileReference; lastKnownFileType = sourcecode.swift; path = NewInsurnaceViewController.swift; sourceTree = "<group>"; };
		13AB337129461D8C00AAC96F /* ConstatViewModel.swift */ = {isa = PBXFileReference; lastKnownFileType = sourcecode.swift; path = ConstatViewModel.swift; sourceTree = "<group>"; };
		13AB337429461DF200AAC96F /* QrCodeScannerViewController.swift */ = {isa = PBXFileReference; lastKnownFileType = sourcecode.swift; path = QrCodeScannerViewController.swift; sourceTree = "<group>"; };
		13B223462923C4D900258B2E /* Utilities.swift */ = {isa = PBXFileReference; lastKnownFileType = sourcecode.swift; path = Utilities.swift; sourceTree = "<group>"; };
		13B223482923CF7000258B2E /* LoadingScreen.swift */ = {isa = PBXFileReference; fileEncoding = 4; lastKnownFileType = sourcecode.swift; name = LoadingScreen.swift; path = "../../../../Chicky-ios/Chicky/Utilities/LoadingScreen.swift"; sourceTree = "<group>"; };
		13B2234A2923D17C00258B2E /* Alert.swift */ = {isa = PBXFileReference; fileEncoding = 4; lastKnownFileType = sourcecode.swift; name = Alert.swift; path = "../../../../Chicky-ios/Chicky/Utilities/Alert.swift"; sourceTree = "<group>"; };
		13BD16F5293A2CF000B9EA5F /* CarDetailsViewController.swift */ = {isa = PBXFileReference; lastKnownFileType = sourcecode.swift; path = CarDetailsViewController.swift; sourceTree = "<group>"; };
		13BD16F7293A3E2800B9EA5F /* Insurance.swift */ = {isa = PBXFileReference; lastKnownFileType = sourcecode.swift; path = Insurance.swift; sourceTree = "<group>"; };
		13BD16F9293A3F7600B9EA5F /* InsuranceViewModel.swift */ = {isa = PBXFileReference; lastKnownFileType = sourcecode.swift; path = InsuranceViewModel.swift; sourceTree = "<group>"; };
		13BD16FF293A7DBD00B9EA5F /* e-Constat */ = {isa = PBXFileReference; lastKnownFileType = folder; path = "e-Constat"; sourceTree = "<group>"; };
		13C330CF29293A0300D3DC6B /* CarViewController.swift */ = {isa = PBXFileReference; lastKnownFileType = sourcecode.swift; path = CarViewController.swift; sourceTree = "<group>"; };
		13C330D129293E7500D3DC6B /* HistoryViewController.swift */ = {isa = PBXFileReference; lastKnownFileType = sourcecode.swift; path = HistoryViewController.swift; sourceTree = "<group>"; };
		13C330D329293E9000D3DC6B /* HomeViewController.swift */ = {isa = PBXFileReference; lastKnownFileType = sourcecode.swift; path = HomeViewController.swift; sourceTree = "<group>"; };
		13CB40892927BD66006B5665 /* loginViewController.swift */ = {isa = PBXFileReference; lastKnownFileType = sourcecode.swift; path = loginViewController.swift; sourceTree = "<group>"; };
		13CB408B2927BEB2006B5665 /* SignUpViewController.swift */ = {isa = PBXFileReference; lastKnownFileType = sourcecode.swift; path = SignUpViewController.swift; sourceTree = "<group>"; };
		13CB408D2927BFEC006B5665 /* ForgetPassViewController.swift */ = {isa = PBXFileReference; lastKnownFileType = sourcecode.swift; path = ForgetPassViewController.swift; sourceTree = "<group>"; };
		13CB408F2927C065006B5665 /* OTPViewController.swift */ = {isa = PBXFileReference; lastKnownFileType = sourcecode.swift; path = OTPViewController.swift; sourceTree = "<group>"; };
		13CB40912927C0A4006B5665 /* ChangePassViewController.swift */ = {isa = PBXFileReference; lastKnownFileType = sourcecode.swift; path = ChangePassViewController.swift; sourceTree = "<group>"; };
		13CB40932927CC1E006B5665 /* ProfileViewController.swift */ = {isa = PBXFileReference; lastKnownFileType = sourcecode.swift; path = ProfileViewController.swift; sourceTree = "<group>"; };
/* End PBXFileReference section */

/* Begin PBXFrameworksBuildPhase section */
		135F10ED291E9D3900FA1108 /* Frameworks */ = {
			isa = PBXFrameworksBuildPhase;
			buildActionMask = 2147483647;
			files = (
				138B85572923D9A300E4C3C7 /* SwiftyJSON in Frameworks */,
				135F110C291E9EF200FA1108 /* Alamofire in Frameworks */,
			);
			runOnlyForDeploymentPostprocessing = 0;
		};
/* End PBXFrameworksBuildPhase section */

/* Begin PBXGroup section */
		13513C90293E832B00C8177D /* Type */ = {
			isa = PBXGroup;
			children = (
				13513C8E293E832800C8177D /* SelectedTypeViewController.swift */,
				13513C8C293E7C5500C8177D /* SelectVehiculeViewController.swift */,
				135A021A2946340C00B64C5E /* SelectTypeBViewController.swift */,
				135A021C2946341A00B64C5E /* SelecVehicleBViewController.swift */,
			);
			name = Type;
			sourceTree = "<group>";
		};
		135A021E294642A400B64C5E /* UserAmanagement */ = {
			isa = PBXGroup;
			children = (
				135A021F294642CC00B64C5E /* ChooseCarViewController.swift */,
			);
			path = UserAmanagement;
			sourceTree = "<group>";
		};
		135E82752930F95600AADA26 /* Car */ = {
			isa = PBXGroup;
			children = (
				13C330CF29293A0300D3DC6B /* CarViewController.swift */,
				135E82712930F70D00AADA26 /* NewCarViewController.swift */,
				135E82772930F9C700AADA26 /* FormCarViewController.swift */,
				13BD16F5293A2CF000B9EA5F /* CarDetailsViewController.swift */,
			);
			name = Car;
			sourceTree = "<group>";
		};
		135E82762930F97600AADA26 /* User */ = {
			isa = PBXGroup;
			children = (
				13CB40892927BD66006B5665 /* loginViewController.swift */,
				13CB408B2927BEB2006B5665 /* SignUpViewController.swift */,
				13CB408D2927BFEC006B5665 /* ForgetPassViewController.swift */,
				13CB408F2927C065006B5665 /* OTPViewController.swift */,
				13CB40912927C0A4006B5665 /* ChangePassViewController.swift */,
				13CB40932927CC1E006B5665 /* ProfileViewController.swift */,
			);
			name = User;
			sourceTree = "<group>";
		};
		135F10E7291E9D3900FA1108 = {
			isa = PBXGroup;
			children = (
				13BD16FE293A7DBD00B9EA5F /* Packages */,
				135F10F2291E9D3900FA1108 /* e-Constat */,
				135F10F1291E9D3900FA1108 /* Products */,
			);
			sourceTree = "<group>";
		};
		135F10F1291E9D3900FA1108 /* Products */ = {
			isa = PBXGroup;
			children = (
				135F10F0291E9D3900FA1108 /* e-Constat.app */,
			);
			name = Products;
			sourceTree = "<group>";
		};
		135F10F2291E9D3900FA1108 /* e-Constat */ = {
			isa = PBXGroup;
			children = (
				13B223452923C4C700258B2E /* Utilities */,
				135F110F291E9FDB00FA1108 /* Model */,
				135F110E291E9FC400FA1108 /* ViewModel */,
				135F110D291E9FBA00FA1108 /* View */,
				135F10F3291E9D3900FA1108 /* AppDelegate.swift */,
				135F10F7291E9D3900FA1108 /* ViewController.swift */,
				135F10F5291E9D3900FA1108 /* SceneDelegate.swift */,
				135F10F9291E9D3900FA1108 /* Main.storyboard */,
				135F10FF291E9D3A00FA1108 /* Assets.xcassets */,
				135F1101291E9D3A00FA1108 /* LaunchScreen.storyboard */,
				135F1104291E9D3A00FA1108 /* Info.plist */,
				135F10FC291E9D3900FA1108 /* e_Constat.xcdatamodeld */,
			);
			path = "e-Constat";
			sourceTree = "<group>";
		};
		135F110D291E9FBA00FA1108 /* View */ = {
			isa = PBXGroup;
			children = (
				13AB337329461DA600AAC96F /* History */,
				13A3E5B9293E5A5100600EDE /* insurance */,
				135E82762930F97600AADA26 /* User */,
				135E82752930F95600AADA26 /* Car */,
				13BB13D9292BC146004F7FF6 /* Formulaire */,
				13C330D329293E9000D3DC6B /* HomeViewController.swift */,
				13AB337429461DF200AAC96F /* QrCodeScannerViewController.swift */,
			);
			path = View;
			sourceTree = "<group>";
		};
		135F110E291E9FC400FA1108 /* ViewModel */ = {
			isa = PBXGroup;
			children = (
				135F1112291EA06D00FA1108 /* UserViewModel.swift */,
				135E826F2930EDCB00AADA26 /* CarViewModel.swift */,
				13BD16F9293A3F7600B9EA5F /* InsuranceViewModel.swift */,
				13AB337129461D8C00AAC96F /* ConstatViewModel.swift */,
				135A02252946546300B64C5E /* carDamageViewModel.swift */,
			);
			path = ViewModel;
			sourceTree = "<group>";
		};
		135F110F291E9FDB00FA1108 /* Model */ = {
			isa = PBXGroup;
			children = (
				135F1110291E9FED00FA1108 /* User.swift */,
				135E826D2930EC7C00AADA26 /* Car.swift */,
				13BD16F7293A3E2800B9EA5F /* Insurance.swift */,
				135A0221294652C100B64C5E /* Constat.swift */,
				135A02232946530100B64C5E /* carDamage.swift */,
			);
			path = Model;
			sourceTree = "<group>";
		};
		13A3E5B9293E5A5100600EDE /* insurance */ = {
			isa = PBXGroup;
			children = (
				13A3E5BA293E5A7000600EDE /* NewInsurnaceViewController.swift */,
			);
			path = insurance;
			sourceTree = "<group>";
		};
		13AB337329461DA600AAC96F /* History */ = {
			isa = PBXGroup;
			children = (
				13C330D129293E7500D3DC6B /* HistoryViewController.swift */,
			);
			name = History;
			sourceTree = "<group>";
		};
		13B223452923C4C700258B2E /* Utilities */ = {
			isa = PBXGroup;
			children = (
				13B2234A2923D17C00258B2E /* Alert.swift */,
				13B223482923CF7000258B2E /* LoadingScreen.swift */,
				13B223462923C4D900258B2E /* Utilities.swift */,
			);
			path = Utilities;
			sourceTree = "<group>";
		};
		13BB13D9292BC146004F7FF6 /* Formulaire */ = {
			isa = PBXGroup;
			children = (
				135A021E294642A400B64C5E /* UserAmanagement */,
				13513C90293E832B00C8177D /* Type */,
				1357711E293240FA00EEBFC9 /* SketchViewController.swift */,
				1312BEC2293F86CF00807E52 /* canvasView.swift */,
			);
			path = Formulaire;
			sourceTree = "<group>";
		};
		13BD16FE293A7DBD00B9EA5F /* Packages */ = {
			isa = PBXGroup;
			children = (
				13BD16FF293A7DBD00B9EA5F /* e-Constat */,
			);
			name = Packages;
			sourceTree = "<group>";
		};
/* End PBXGroup section */

/* Begin PBXNativeTarget section */
		135F10EF291E9D3900FA1108 /* e-Constat */ = {
			isa = PBXNativeTarget;
			buildConfigurationList = 135F1107291E9D3A00FA1108 /* Build configuration list for PBXNativeTarget "e-Constat" */;
			buildPhases = (
				135F10EC291E9D3900FA1108 /* Sources */,
				135F10ED291E9D3900FA1108 /* Frameworks */,
				135F10EE291E9D3900FA1108 /* Resources */,
			);
			buildRules = (
			);
			dependencies = (
			);
			name = "e-Constat";
			packageProductDependencies = (
				135F110B291E9EF200FA1108 /* Alamofire */,
				138B85562923D9A300E4C3C7 /* SwiftyJSON */,
			);
			productName = "e-Constat";
			productReference = 135F10F0291E9D3900FA1108 /* e-Constat.app */;
			productType = "com.apple.product-type.application";
		};
/* End PBXNativeTarget section */

/* Begin PBXProject section */
		135F10E8291E9D3900FA1108 /* Project object */ = {
			isa = PBXProject;
			attributes = {
				BuildIndependentTargetsInParallel = 1;
				LastSwiftUpdateCheck = 1410;
				LastUpgradeCheck = 1410;
				TargetAttributes = {
					135F10EF291E9D3900FA1108 = {
						CreatedOnToolsVersion = 14.1;
					};
				};
			};
			buildConfigurationList = 135F10EB291E9D3900FA1108 /* Build configuration list for PBXProject "e-Constat" */;
			compatibilityVersion = "Xcode 14.0";
			developmentRegion = en;
			hasScannedForEncodings = 0;
			knownRegions = (
				en,
				Base,
			);
			mainGroup = 135F10E7291E9D3900FA1108;
			packageReferences = (
				135F110A291E9EF200FA1108 /* XCRemoteSwiftPackageReference "Alamofire" */,
				138B85552923D9A300E4C3C7 /* XCRemoteSwiftPackageReference "SwiftyJSON" */,
				13BD16FB293A503F00B9EA5F /* XCRemoteSwiftPackageReference "GoogleSignIn-iOS" */,
			);
			productRefGroup = 135F10F1291E9D3900FA1108 /* Products */;
			projectDirPath = "";
			projectRoot = "";
			targets = (
				135F10EF291E9D3900FA1108 /* e-Constat */,
			);
		};
/* End PBXProject section */

/* Begin PBXResourcesBuildPhase section */
		135F10EE291E9D3900FA1108 /* Resources */ = {
			isa = PBXResourcesBuildPhase;
			buildActionMask = 2147483647;
			files = (
				135F1103291E9D3A00FA1108 /* LaunchScreen.storyboard in Resources */,
				135F1100291E9D3A00FA1108 /* Assets.xcassets in Resources */,
				135F10FB291E9D3900FA1108 /* Main.storyboard in Resources */,
			);
			runOnlyForDeploymentPostprocessing = 0;
		};
/* End PBXResourcesBuildPhase section */

/* Begin PBXSourcesBuildPhase section */
		135F10EC291E9D3900FA1108 /* Sources */ = {
			isa = PBXSourcesBuildPhase;
			buildActionMask = 2147483647;
			files = (
				13CB40922927C0A4006B5665 /* ChangePassViewController.swift in Sources */,
				135F10F8291E9D3900FA1108 /* ViewController.swift in Sources */,
				13513C8F293E832800C8177D /* SelectedTypeViewController.swift in Sources */,
				13AB337229461D8C00AAC96F /* ConstatViewModel.swift in Sources */,
				135A0222294652C100B64C5E /* Constat.swift in Sources */,
				135A021D2946341A00B64C5E /* SelecVehicleBViewController.swift in Sources */,
				135A02262946546300B64C5E /* carDamageViewModel.swift in Sources */,
				13CB408A2927BD66006B5665 /* loginViewController.swift in Sources */,
				1312BEC3293F86CF00807E52 /* canvasView.swift in Sources */,
				135E82722930F70D00AADA26 /* NewCarViewController.swift in Sources */,
				135A0220294642CC00B64C5E /* ChooseCarViewController.swift in Sources */,
				135E82782930F9C700AADA26 /* FormCarViewController.swift in Sources */,
				135E826E2930EC7C00AADA26 /* Car.swift in Sources */,
				135F1113291EA06D00FA1108 /* UserViewModel.swift in Sources */,
				135A021B2946340C00B64C5E /* SelectTypeBViewController.swift in Sources */,
				1357711F293240FA00EEBFC9 /* SketchViewController.swift in Sources */,
				135F10F4291E9D3900FA1108 /* AppDelegate.swift in Sources */,
				13C330D429293E9000D3DC6B /* HomeViewController.swift in Sources */,
				13CB408E2927BFEC006B5665 /* ForgetPassViewController.swift in Sources */,
				135F10FE291E9D3900FA1108 /* e_Constat.xcdatamodeld in Sources */,
				13AB337529461DF200AAC96F /* QrCodeScannerViewController.swift in Sources */,
				13C330D029293A0300D3DC6B /* CarViewController.swift in Sources */,
				13BD16F8293A3E2800B9EA5F /* Insurance.swift in Sources */,
				13CB408C2927BEB2006B5665 /* SignUpViewController.swift in Sources */,
				135E82702930EDCB00AADA26 /* CarViewModel.swift in Sources */,
				135F1111291E9FED00FA1108 /* User.swift in Sources */,
				13B223472923C4D900258B2E /* Utilities.swift in Sources */,
				135F10F6291E9D3900FA1108 /* SceneDelegate.swift in Sources */,
				13B2234B2923D17C00258B2E /* Alert.swift in Sources */,
				13CB40942927CC1E006B5665 /* ProfileViewController.swift in Sources */,
				13A3E5BB293E5A7000600EDE /* NewInsurnaceViewController.swift in Sources */,
				13BD16F6293A2CF000B9EA5F /* CarDetailsViewController.swift in Sources */,
				13CB40902927C065006B5665 /* OTPViewController.swift in Sources */,
				13BD16FA293A3F7600B9EA5F /* InsuranceViewModel.swift in Sources */,
				13C330D229293E7500D3DC6B /* HistoryViewController.swift in Sources */,
				135A02242946530100B64C5E /* carDamage.swift in Sources */,
				13B223492923CF7000258B2E /* LoadingScreen.swift in Sources */,
				13513C8D293E7C5500C8177D /* SelectVehiculeViewController.swift in Sources */,
			);
			runOnlyForDeploymentPostprocessing = 0;
		};
/* End PBXSourcesBuildPhase section */

/* Begin PBXVariantGroup section */
		135F10F9291E9D3900FA1108 /* Main.storyboard */ = {
			isa = PBXVariantGroup;
			children = (
				135F10FA291E9D3900FA1108 /* Base */,
			);
			name = Main.storyboard;
			sourceTree = "<group>";
		};
		135F1101291E9D3A00FA1108 /* LaunchScreen.storyboard */ = {
			isa = PBXVariantGroup;
			children = (
				135F1102291E9D3A00FA1108 /* Base */,
			);
			name = LaunchScreen.storyboard;
			sourceTree = "<group>";
		};
/* End PBXVariantGroup section */

/* Begin XCBuildConfiguration section */
		135F1105291E9D3A00FA1108 /* Debug */ = {
			isa = XCBuildConfiguration;
			buildSettings = {
				ALWAYS_SEARCH_USER_PATHS = NO;
				CLANG_ANALYZER_NONNULL = YES;
				CLANG_ANALYZER_NUMBER_OBJECT_CONVERSION = YES_AGGRESSIVE;
				CLANG_CXX_LANGUAGE_STANDARD = "gnu++20";
				CLANG_ENABLE_MODULES = YES;
				CLANG_ENABLE_OBJC_ARC = YES;
				CLANG_ENABLE_OBJC_WEAK = YES;
				CLANG_WARN_BLOCK_CAPTURE_AUTORELEASING = YES;
				CLANG_WARN_BOOL_CONVERSION = YES;
				CLANG_WARN_COMMA = YES;
				CLANG_WARN_CONSTANT_CONVERSION = YES;
				CLANG_WARN_DEPRECATED_OBJC_IMPLEMENTATIONS = YES;
				CLANG_WARN_DIRECT_OBJC_ISA_USAGE = YES_ERROR;
				CLANG_WARN_DOCUMENTATION_COMMENTS = YES;
				CLANG_WARN_EMPTY_BODY = YES;
				CLANG_WARN_ENUM_CONVERSION = YES;
				CLANG_WARN_INFINITE_RECURSION = YES;
				CLANG_WARN_INT_CONVERSION = YES;
				CLANG_WARN_NON_LITERAL_NULL_CONVERSION = YES;
				CLANG_WARN_OBJC_IMPLICIT_RETAIN_SELF = YES;
				CLANG_WARN_OBJC_LITERAL_CONVERSION = YES;
				CLANG_WARN_OBJC_ROOT_CLASS = YES_ERROR;
				CLANG_WARN_QUOTED_INCLUDE_IN_FRAMEWORK_HEADER = YES;
				CLANG_WARN_RANGE_LOOP_ANALYSIS = YES;
				CLANG_WARN_STRICT_PROTOTYPES = YES;
				CLANG_WARN_SUSPICIOUS_MOVE = YES;
				CLANG_WARN_UNGUARDED_AVAILABILITY = YES_AGGRESSIVE;
				CLANG_WARN_UNREACHABLE_CODE = YES;
				CLANG_WARN__DUPLICATE_METHOD_MATCH = YES;
				COPY_PHASE_STRIP = NO;
				DEBUG_INFORMATION_FORMAT = dwarf;
				ENABLE_STRICT_OBJC_MSGSEND = YES;
				ENABLE_TESTABILITY = YES;
				GCC_C_LANGUAGE_STANDARD = gnu11;
				GCC_DYNAMIC_NO_PIC = NO;
				GCC_NO_COMMON_BLOCKS = YES;
				GCC_OPTIMIZATION_LEVEL = 0;
				GCC_PREPROCESSOR_DEFINITIONS = (
					"DEBUG=1",
					"$(inherited)",
				);
				GCC_WARN_64_TO_32_BIT_CONVERSION = YES;
				GCC_WARN_ABOUT_RETURN_TYPE = YES_ERROR;
				GCC_WARN_UNDECLARED_SELECTOR = YES;
				GCC_WARN_UNINITIALIZED_AUTOS = YES_AGGRESSIVE;
				GCC_WARN_UNUSED_FUNCTION = YES;
				GCC_WARN_UNUSED_VARIABLE = YES;
				IPHONEOS_DEPLOYMENT_TARGET = 16.1;
				MTL_ENABLE_DEBUG_INFO = INCLUDE_SOURCE;
				MTL_FAST_MATH = YES;
				ONLY_ACTIVE_ARCH = YES;
				SDKROOT = iphoneos;
				SWIFT_ACTIVE_COMPILATION_CONDITIONS = DEBUG;
				SWIFT_OPTIMIZATION_LEVEL = "-Onone";
			};
			name = Debug;
		};
		135F1106291E9D3A00FA1108 /* Release */ = {
			isa = XCBuildConfiguration;
			buildSettings = {
				ALWAYS_SEARCH_USER_PATHS = NO;
				CLANG_ANALYZER_NONNULL = YES;
				CLANG_ANALYZER_NUMBER_OBJECT_CONVERSION = YES_AGGRESSIVE;
				CLANG_CXX_LANGUAGE_STANDARD = "gnu++20";
				CLANG_ENABLE_MODULES = YES;
				CLANG_ENABLE_OBJC_ARC = YES;
				CLANG_ENABLE_OBJC_WEAK = YES;
				CLANG_WARN_BLOCK_CAPTURE_AUTORELEASING = YES;
				CLANG_WARN_BOOL_CONVERSION = YES;
				CLANG_WARN_COMMA = YES;
				CLANG_WARN_CONSTANT_CONVERSION = YES;
				CLANG_WARN_DEPRECATED_OBJC_IMPLEMENTATIONS = YES;
				CLANG_WARN_DIRECT_OBJC_ISA_USAGE = YES_ERROR;
				CLANG_WARN_DOCUMENTATION_COMMENTS = YES;
				CLANG_WARN_EMPTY_BODY = YES;
				CLANG_WARN_ENUM_CONVERSION = YES;
				CLANG_WARN_INFINITE_RECURSION = YES;
				CLANG_WARN_INT_CONVERSION = YES;
				CLANG_WARN_NON_LITERAL_NULL_CONVERSION = YES;
				CLANG_WARN_OBJC_IMPLICIT_RETAIN_SELF = YES;
				CLANG_WARN_OBJC_LITERAL_CONVERSION = YES;
				CLANG_WARN_OBJC_ROOT_CLASS = YES_ERROR;
				CLANG_WARN_QUOTED_INCLUDE_IN_FRAMEWORK_HEADER = YES;
				CLANG_WARN_RANGE_LOOP_ANALYSIS = YES;
				CLANG_WARN_STRICT_PROTOTYPES = YES;
				CLANG_WARN_SUSPICIOUS_MOVE = YES;
				CLANG_WARN_UNGUARDED_AVAILABILITY = YES_AGGRESSIVE;
				CLANG_WARN_UNREACHABLE_CODE = YES;
				CLANG_WARN__DUPLICATE_METHOD_MATCH = YES;
				COPY_PHASE_STRIP = NO;
				DEBUG_INFORMATION_FORMAT = "dwarf-with-dsym";
				ENABLE_NS_ASSERTIONS = NO;
				ENABLE_STRICT_OBJC_MSGSEND = YES;
				GCC_C_LANGUAGE_STANDARD = gnu11;
				GCC_NO_COMMON_BLOCKS = YES;
				GCC_WARN_64_TO_32_BIT_CONVERSION = YES;
				GCC_WARN_ABOUT_RETURN_TYPE = YES_ERROR;
				GCC_WARN_UNDECLARED_SELECTOR = YES;
				GCC_WARN_UNINITIALIZED_AUTOS = YES_AGGRESSIVE;
				GCC_WARN_UNUSED_FUNCTION = YES;
				GCC_WARN_UNUSED_VARIABLE = YES;
				IPHONEOS_DEPLOYMENT_TARGET = 16.1;
				MTL_ENABLE_DEBUG_INFO = NO;
				MTL_FAST_MATH = YES;
				SDKROOT = iphoneos;
				SWIFT_COMPILATION_MODE = wholemodule;
				SWIFT_OPTIMIZATION_LEVEL = "-O";
				VALIDATE_PRODUCT = YES;
			};
			name = Release;
		};
		135F1108291E9D3A00FA1108 /* Debug */ = {
			isa = XCBuildConfiguration;
			buildSettings = {
				ASSETCATALOG_COMPILER_APPICON_NAME = AppIcon;
				ASSETCATALOG_COMPILER_GLOBAL_ACCENT_COLOR_NAME = AccentColor;
				CODE_SIGN_STYLE = Automatic;
				CURRENT_PROJECT_VERSION = 1;
				DEVELOPMENT_TEAM = 34C4534N6R;
				GENERATE_INFOPLIST_FILE = YES;
				INFOPLIST_FILE = "e-Constat/Info.plist";
				INFOPLIST_KEY_NSPhotoLibraryAddUsageDescription = "To store the drawing";
				INFOPLIST_KEY_UIApplicationSupportsIndirectInputEvents = YES;
				INFOPLIST_KEY_UILaunchStoryboardName = LaunchScreen;
				INFOPLIST_KEY_UIMainStoryboardFile = Main;
				INFOPLIST_KEY_UISupportedInterfaceOrientations_iPad = "UIInterfaceOrientationPortrait UIInterfaceOrientationPortraitUpsideDown UIInterfaceOrientationLandscapeLeft UIInterfaceOrientationLandscapeRight";
				INFOPLIST_KEY_UISupportedInterfaceOrientations_iPhone = "UIInterfaceOrientationPortrait UIInterfaceOrientationLandscapeLeft UIInterfaceOrientationLandscapeRight";
				IPHONEOS_DEPLOYMENT_TARGET = 15.0;
				LD_RUNPATH_SEARCH_PATHS = (
					"$(inherited)",
					"@executable_path/Frameworks",
				);
				MARKETING_VERSION = 1.0;
				PRODUCT_BUNDLE_IDENTIFIER = "esprit.e-Constat";
				PRODUCT_NAME = "$(TARGET_NAME)";
				SWIFT_EMIT_LOC_STRINGS = YES;
				SWIFT_VERSION = 5.0;
				TARGETED_DEVICE_FAMILY = "1,2";
			};
			name = Debug;
		};
		135F1109291E9D3A00FA1108 /* Release */ = {
			isa = XCBuildConfiguration;
			buildSettings = {
				ASSETCATALOG_COMPILER_APPICON_NAME = AppIcon;
				ASSETCATALOG_COMPILER_GLOBAL_ACCENT_COLOR_NAME = AccentColor;
				CODE_SIGN_STYLE = Automatic;
				CURRENT_PROJECT_VERSION = 1;
				DEVELOPMENT_TEAM = 34C4534N6R;
				GENERATE_INFOPLIST_FILE = YES;
				INFOPLIST_FILE = "e-Constat/Info.plist";
				INFOPLIST_KEY_NSPhotoLibraryAddUsageDescription = "To store the drawing";
				INFOPLIST_KEY_UIApplicationSupportsIndirectInputEvents = YES;
				INFOPLIST_KEY_UILaunchStoryboardName = LaunchScreen;
				INFOPLIST_KEY_UIMainStoryboardFile = Main;
				INFOPLIST_KEY_UISupportedInterfaceOrientations_iPad = "UIInterfaceOrientationPortrait UIInterfaceOrientationPortraitUpsideDown UIInterfaceOrientationLandscapeLeft UIInterfaceOrientationLandscapeRight";
				INFOPLIST_KEY_UISupportedInterfaceOrientations_iPhone = "UIInterfaceOrientationPortrait UIInterfaceOrientationLandscapeLeft UIInterfaceOrientationLandscapeRight";
				IPHONEOS_DEPLOYMENT_TARGET = 15.0;
				LD_RUNPATH_SEARCH_PATHS = (
					"$(inherited)",
					"@executable_path/Frameworks",
				);
				MARKETING_VERSION = 1.0;
				PRODUCT_BUNDLE_IDENTIFIER = "esprit.e-Constat";
				PRODUCT_NAME = "$(TARGET_NAME)";
				SWIFT_EMIT_LOC_STRINGS = YES;
				SWIFT_VERSION = 5.0;
				TARGETED_DEVICE_FAMILY = "1,2";
			};
			name = Release;
		};
/* End XCBuildConfiguration section */

/* Begin XCConfigurationList section */
		135F10EB291E9D3900FA1108 /* Build configuration list for PBXProject "e-Constat" */ = {
			isa = XCConfigurationList;
			buildConfigurations = (
				135F1105291E9D3A00FA1108 /* Debug */,
				135F1106291E9D3A00FA1108 /* Release */,
			);
			defaultConfigurationIsVisible = 0;
			defaultConfigurationName = Release;
		};
		135F1107291E9D3A00FA1108 /* Build configuration list for PBXNativeTarget "e-Constat" */ = {
			isa = XCConfigurationList;
			buildConfigurations = (
				135F1108291E9D3A00FA1108 /* Debug */,
				135F1109291E9D3A00FA1108 /* Release */,
			);
			defaultConfigurationIsVisible = 0;
			defaultConfigurationName = Release;
		};
/* End XCConfigurationList section */

/* Begin XCRemoteSwiftPackageReference section */
		135F110A291E9EF200FA1108 /* XCRemoteSwiftPackageReference "Alamofire" */ = {
			isa = XCRemoteSwiftPackageReference;
			repositoryURL = "https://github.com/Alamofire/Alamofire.git";
			requirement = {
				kind = upToNextMajorVersion;
				minimumVersion = 5.0.0;
			};
		};
		138B85552923D9A300E4C3C7 /* XCRemoteSwiftPackageReference "SwiftyJSON" */ = {
			isa = XCRemoteSwiftPackageReference;
			repositoryURL = "https://github.com/SwiftyJSON/SwiftyJSON.git";
			requirement = {
				kind = upToNextMajorVersion;
				minimumVersion = 5.0.0;
			};
		};
		13BD16FB293A503F00B9EA5F /* XCRemoteSwiftPackageReference "GoogleSignIn-iOS" */ = {
			isa = XCRemoteSwiftPackageReference;
			repositoryURL = "https://github.com/google/GoogleSignIn-iOS";
			requirement = {
				kind = upToNextMajorVersion;
				minimumVersion = 6.0.0;
			};
		};
/* End XCRemoteSwiftPackageReference section */

/* Begin XCSwiftPackageProductDependency section */
		135F110B291E9EF200FA1108 /* Alamofire */ = {
			isa = XCSwiftPackageProductDependency;
			package = 135F110A291E9EF200FA1108 /* XCRemoteSwiftPackageReference "Alamofire" */;
			productName = Alamofire;
		};
		138B85562923D9A300E4C3C7 /* SwiftyJSON */ = {
			isa = XCSwiftPackageProductDependency;
			package = 138B85552923D9A300E4C3C7 /* XCRemoteSwiftPackageReference "SwiftyJSON" */;
			productName = SwiftyJSON;
		};
/* End XCSwiftPackageProductDependency section */

/* Begin XCVersionGroup section */
		135F10FC291E9D3900FA1108 /* e_Constat.xcdatamodeld */ = {
			isa = XCVersionGroup;
			children = (
				135F10FD291E9D3900FA1108 /* e_Constat.xcdatamodel */,
			);
			currentVersion = 135F10FD291E9D3900FA1108 /* e_Constat.xcdatamodel */;
			path = e_Constat.xcdatamodeld;
			sourceTree = "<group>";
			versionGroupType = wrapper.xcdatamodel;
		};
/* End XCVersionGroup section */
	};
	rootObject = 135F10E8291E9D3900FA1108 /* Project object */;
}
